
Microsoft Visual Studio Solution File, Format Version 12.00
# Visual Studio Version 17
VisualStudioVersion = 17.12.35527.113 d17.12
MinimumVisualStudioVersion = 10.0.40219.1
Project("{FAE04EC0-301F-11D3-BF4B-00C04F79EFBC}") = "ItlaPRactices.Console", "ItlaPRactices.Console\ItlaPRactices.Console.csproj", "{1170CDC8-DFB0-443C-970C-5B23F43D4595}"
EndProject
Global
	GlobalSection(SolutionConfigurationPlatforms) = preSolution
		Debug|Any CPU = Debug|Any CPU
		Release|Any CPU = Release|Any CPU
	EndGlobalSection
	GlobalSection(ProjectConfigurationPlatforms) = postSolution
		{1170CDC8-DFB0-443C-970C-5B23F43D4595}.Debug|Any CPU.ActiveCfg = Debug|Any CPU
		{1170CDC8-DFB0-443C-970C-5B23F43D4595}.Debug|Any CPU.Build.0 = Debug|Any CPU
		{1170CDC8-DFB0-443C-970C-5B23F43D4595}.Release|Any CPU.ActiveCfg = Release|Any CPU
		{1170CDC8-DFB0-443C-970C-5B23F43D4595}.Release|Any CPU.Build.0 = Release|Any CPU
	EndGlobalSection
	GlobalSection(SolutionProperties) = preSolution
		HideSolutionNode = FALSE
	EndGlobalSection
EndGlobal
